
Microsoft Visual Studio Solution File, Format Version 9.00
# Visual Studio 2005
Project("{F184B08F-C81C-45F6-A57F-5ABD9991F28F}") = "Z80Asm", "Z80Asm.vbproj", "{D4B18FD8-38B3-47AA-BEC7-8553141E1F88}"
EndProject
Global
	GlobalSection(SolutionConfigurationPlatforms) = preSolution
		Debug|Any CPU = Debug|Any CPU
		Release|Any CPU = Release|Any CPU
	EndGlobalSection
	GlobalSection(ProjectConfigurationPlatforms) = postSolution
		{D4B18FD8-38B3-47AA-BEC7-8553141E1F88}.Debug|Any CPU.ActiveCfg = Debug|Any CPU
		{D4B18FD8-38B3-47AA-BEC7-8553141E1F88}.Debug|Any CPU.Build.0 = Debug|Any CPU
		{D4B18FD8-38B3-47AA-BEC7-8553141E1F88}.Release|Any CPU.ActiveCfg = Release|Any CPU
		{D4B18FD8-38B3-47AA-BEC7-8553141E1F88}.Release|Any CPU.Build.0 = Release|Any CPU
	EndGlobalSection
	GlobalSection(SolutionProperties) = preSolution
		HideSolutionNode = FALSE
	EndGlobalSection
EndGlobal
